// !$*UTF8*$!
{
	archiveVersion = 1;
	classes = {
	};
	objectVersion = 56;
	objects = {

/* Begin PBXBuildFile section */
		767724512C57B19800FBBF4D /* ImageSearchAPIApp.swift in Sources */ = {isa = PBXBuildFile; fileRef = 767724502C57B19800FBBF4D /* ImageSearchAPIApp.swift */; };
		767724532C57B19800FBBF4D /* ContentView.swift in Sources */ = {isa = PBXBuildFile; fileRef = 767724522C57B19800FBBF4D /* ContentView.swift */; };
		767724552C57B19A00FBBF4D /* Assets.xcassets in Resources */ = {isa = PBXBuildFile; fileRef = 767724542C57B19A00FBBF4D /* Assets.xcassets */; };
		767724582C57B19A00FBBF4D /* Preview Assets.xcassets in Resources */ = {isa = PBXBuildFile; fileRef = 767724572C57B19A00FBBF4D /* Preview Assets.xcassets */; };
		7677245F2C57B1D600FBBF4D /* ImageModel.swift in Sources */ = {isa = PBXBuildFile; fileRef = 7677245E2C57B1D600FBBF4D /* ImageModel.swift */; };
		767724612C57B23600FBBF4D /* ImageSearchViewModel.swift in Sources */ = {isa = PBXBuildFile; fileRef = 767724602C57B23600FBBF4D /* ImageSearchViewModel.swift */; };
		767724642C57D35200FBBF4D /* SearchBar.swift in Sources */ = {isa = PBXBuildFile; fileRef = 767724632C57D35200FBBF4D /* SearchBar.swift */; };
		767724662C57D42C00FBBF4D /* ImageGrid.swift in Sources */ = {isa = PBXBuildFile; fileRef = 767724652C57D42C00FBBF4D /* ImageGrid.swift */; };
		767724682C57D48100FBBF4D /* ImageCell.swift in Sources */ = {isa = PBXBuildFile; fileRef = 767724672C57D48100FBBF4D /* ImageCell.swift */; };
		7677246A2C57F1A200FBBF4D /* Settings.swift in Sources */ = {isa = PBXBuildFile; fileRef = 767724692C57F1A200FBBF4D /* Settings.swift */; };
		7677246C2C58208E00FBBF4D /* ImageSearchSettings.swift in Sources */ = {isa = PBXBuildFile; fileRef = 7677246B2C58208E00FBBF4D /* ImageSearchSettings.swift */; };
		7677247B2C5851C600FBBF4D /* ImageSearchViewModelTests.swift in Sources */ = {isa = PBXBuildFile; fileRef = 7677247A2C5851C600FBBF4D /* ImageSearchViewModelTests.swift */; };
		7677247D2C5851E600FBBF4D /* ImageSearchSettingsTests.swift in Sources */ = {isa = PBXBuildFile; fileRef = 7677247C2C5851E600FBBF4D /* ImageSearchSettingsTests.swift */; };
		7677247F2C58EA2F00FBBF4D /* ImageCellViewModel.swift in Sources */ = {isa = PBXBuildFile; fileRef = 7677247E2C58EA2F00FBBF4D /* ImageCellViewModel.swift */; };
/* End PBXBuildFile section */

/* Begin PBXContainerItemProxy section */
		767724752C58517D00FBBF4D /* PBXContainerItemProxy */ = {
			isa = PBXContainerItemProxy;
			containerPortal = 767724452C57B19800FBBF4D /* Project object */;
			proxyType = 1;
			remoteGlobalIDString = 7677244C2C57B19800FBBF4D;
			remoteInfo = ImageSearchAPI;
		};
/* End PBXContainerItemProxy section */

/* Begin PBXFileReference section */
		7677244D2C57B19800FBBF4D /* ImageSearchAPI.app */ = {isa = PBXFileReference; explicitFileType = wrapper.application; includeInIndex = 0; path = ImageSearchAPI.app; sourceTree = BUILT_PRODUCTS_DIR; };
		767724502C57B19800FBBF4D /* ImageSearchAPIApp.swift */ = {isa = PBXFileReference; lastKnownFileType = sourcecode.swift; path = ImageSearchAPIApp.swift; sourceTree = "<group>"; };
		767724522C57B19800FBBF4D /* ContentView.swift */ = {isa = PBXFileReference; lastKnownFileType = sourcecode.swift; path = ContentView.swift; sourceTree = "<group>"; };
		767724542C57B19A00FBBF4D /* Assets.xcassets */ = {isa = PBXFileReference; lastKnownFileType = folder.assetcatalog; path = Assets.xcassets; sourceTree = "<group>"; };
		767724572C57B19A00FBBF4D /* Preview Assets.xcassets */ = {isa = PBXFileReference; lastKnownFileType = folder.assetcatalog; path = "Preview Assets.xcassets"; sourceTree = "<group>"; };
		7677245E2C57B1D600FBBF4D /* ImageModel.swift */ = {isa = PBXFileReference; lastKnownFileType = sourcecode.swift; path = ImageModel.swift; sourceTree = "<group>"; };
		767724602C57B23600FBBF4D /* ImageSearchViewModel.swift */ = {isa = PBXFileReference; lastKnownFileType = sourcecode.swift; path = ImageSearchViewModel.swift; sourceTree = "<group>"; };
		767724632C57D35200FBBF4D /* SearchBar.swift */ = {isa = PBXFileReference; lastKnownFileType = sourcecode.swift; path = SearchBar.swift; sourceTree = "<group>"; };
		767724652C57D42C00FBBF4D /* ImageGrid.swift */ = {isa = PBXFileReference; lastKnownFileType = sourcecode.swift; path = ImageGrid.swift; sourceTree = "<group>"; };
		767724672C57D48100FBBF4D /* ImageCell.swift */ = {isa = PBXFileReference; lastKnownFileType = sourcecode.swift; path = ImageCell.swift; sourceTree = "<group>"; };
		767724692C57F1A200FBBF4D /* Settings.swift */ = {isa = PBXFileReference; lastKnownFileType = sourcecode.swift; path = Settings.swift; sourceTree = "<group>"; };
		7677246B2C58208E00FBBF4D /* ImageSearchSettings.swift */ = {isa = PBXFileReference; lastKnownFileType = sourcecode.swift; path = ImageSearchSettings.swift; sourceTree = "<group>"; };
		767724712C58517C00FBBF4D /* ImageSearchAPITests.xctest */ = {isa = PBXFileReference; explicitFileType = wrapper.cfbundle; includeInIndex = 0; path = ImageSearchAPITests.xctest; sourceTree = BUILT_PRODUCTS_DIR; };
		7677247A2C5851C600FBBF4D /* ImageSearchViewModelTests.swift */ = {isa = PBXFileReference; lastKnownFileType = sourcecode.swift; path = ImageSearchViewModelTests.swift; sourceTree = "<group>"; };
		7677247C2C5851E600FBBF4D /* ImageSearchSettingsTests.swift */ = {isa = PBXFileReference; lastKnownFileType = sourcecode.swift; path = ImageSearchSettingsTests.swift; sourceTree = "<group>"; };
		7677247E2C58EA2F00FBBF4D /* ImageCellViewModel.swift */ = {isa = PBXFileReference; lastKnownFileType = sourcecode.swift; path = ImageCellViewModel.swift; sourceTree = "<group>"; };
/* End PBXFileReference section */

/* Begin PBXFrameworksBuildPhase section */
		7677244A2C57B19800FBBF4D /* Frameworks */ = {
			isa = PBXFrameworksBuildPhase;
			buildActionMask = 2147483647;
			files = (
			);
			runOnlyForDeploymentPostprocessing = 0;
		};
		7677246E2C58517C00FBBF4D /* Frameworks */ = {
			isa = PBXFrameworksBuildPhase;
			buildActionMask = 2147483647;
			files = (
			);
			runOnlyForDeploymentPostprocessing = 0;
		};
/* End PBXFrameworksBuildPhase section */

/* Begin PBXGroup section */
		767724442C57B19800FBBF4D = {
			isa = PBXGroup;
			children = (
				7677244F2C57B19800FBBF4D /* ImageSearchAPI */,
				767724722C58517D00FBBF4D /* ImageSearchAPITests */,
				7677244E2C57B19800FBBF4D /* Products */,
			);
			sourceTree = "<group>";
		};
		7677244E2C57B19800FBBF4D /* Products */ = {
			isa = PBXGroup;
			children = (
				7677244D2C57B19800FBBF4D /* ImageSearchAPI.app */,
				767724712C58517C00FBBF4D /* ImageSearchAPITests.xctest */,
			);
			name = Products;
			sourceTree = "<group>";
		};
		7677244F2C57B19800FBBF4D /* ImageSearchAPI */ = {
			isa = PBXGroup;
			children = (
				7677245E2C57B1D600FBBF4D /* ImageModel.swift */,
				767724602C57B23600FBBF4D /* ImageSearchViewModel.swift */,
				7677247E2C58EA2F00FBBF4D /* ImageCellViewModel.swift */,
				7677246B2C58208E00FBBF4D /* ImageSearchSettings.swift */,
				767724622C57D32A00FBBF4D /* views */,
				767724502C57B19800FBBF4D /* ImageSearchAPIApp.swift */,
				767724542C57B19A00FBBF4D /* Assets.xcassets */,
				767724562C57B19A00FBBF4D /* Preview Content */,
			);
			path = ImageSearchAPI;
			sourceTree = "<group>";
		};
		767724562C57B19A00FBBF4D /* Preview Content */ = {
			isa = PBXGroup;
			children = (
				767724572C57B19A00FBBF4D /* Preview Assets.xcassets */,
			);
			path = "Preview Content";
			sourceTree = "<group>";
		};
		767724622C57D32A00FBBF4D /* views */ = {
			isa = PBXGroup;
			children = (
				767724632C57D35200FBBF4D /* SearchBar.swift */,
				767724652C57D42C00FBBF4D /* ImageGrid.swift */,
				767724672C57D48100FBBF4D /* ImageCell.swift */,
				767724692C57F1A200FBBF4D /* Settings.swift */,
				767724522C57B19800FBBF4D /* ContentView.swift */,
			);
			path = views;
			sourceTree = "<group>";
		};
		767724722C58517D00FBBF4D /* ImageSearchAPITests */ = {
			isa = PBXGroup;
			children = (
				7677247A2C5851C600FBBF4D /* ImageSearchViewModelTests.swift */,
				7677247C2C5851E600FBBF4D /* ImageSearchSettingsTests.swift */,
			);
			path = ImageSearchAPITests;
			sourceTree = "<group>";
		};
/* End PBXGroup section */

/* Begin PBXNativeTarget section */
		7677244C2C57B19800FBBF4D /* ImageSearchAPI */ = {
			isa = PBXNativeTarget;
			buildConfigurationList = 7677245B2C57B19A00FBBF4D /* Build configuration list for PBXNativeTarget "ImageSearchAPI" */;
			buildPhases = (
				767724492C57B19800FBBF4D /* Sources */,
				7677244A2C57B19800FBBF4D /* Frameworks */,
				7677244B2C57B19800FBBF4D /* Resources */,
			);
			buildRules = (
			);
			dependencies = (
			);
			name = ImageSearchAPI;
			productName = ImageSearchAPI;
			productReference = 7677244D2C57B19800FBBF4D /* ImageSearchAPI.app */;
			productType = "com.apple.product-type.application";
		};
		767724702C58517C00FBBF4D /* ImageSearchAPITests */ = {
			isa = PBXNativeTarget;
			buildConfigurationList = 767724792C58517D00FBBF4D /* Build configuration list for PBXNativeTarget "ImageSearchAPITests" */;
			buildPhases = (
				7677246D2C58517C00FBBF4D /* Sources */,
				7677246E2C58517C00FBBF4D /* Frameworks */,
				7677246F2C58517C00FBBF4D /* Resources */,
			);
			buildRules = (
			);
			dependencies = (
				767724762C58517D00FBBF4D /* PBXTargetDependency */,
			);
			name = ImageSearchAPITests;
			productName = ImageSearchAPITests;
			productReference = 767724712C58517C00FBBF4D /* ImageSearchAPITests.xctest */;
			productType = "com.apple.product-type.bundle.unit-test";
		};
/* End PBXNativeTarget section */

/* Begin PBXProject section */
		767724452C57B19800FBBF4D /* Project object */ = {
			isa = PBXProject;
			attributes = {
				BuildIndependentTargetsInParallel = 1;
				LastSwiftUpdateCheck = 1540;
				LastUpgradeCheck = 1540;
				TargetAttributes = {
					7677244C2C57B19800FBBF4D = {
						CreatedOnToolsVersion = 15.4;
					};
					767724702C58517C00FBBF4D = {
						CreatedOnToolsVersion = 15.4;
						TestTargetID = 7677244C2C57B19800FBBF4D;
					};
				};
			};
			buildConfigurationList = 767724482C57B19800FBBF4D /* Build configuration list for PBXProject "ImageSearchAPI" */;
			compatibilityVersion = "Xcode 14.0";
			developmentRegion = en;
			hasScannedForEncodings = 0;
			knownRegions = (
				en,
				Base,
			);
			mainGroup = 767724442C57B19800FBBF4D;
			productRefGroup = 7677244E2C57B19800FBBF4D /* Products */;
			projectDirPath = "";
			projectRoot = "";
			targets = (
				7677244C2C57B19800FBBF4D /* ImageSearchAPI */,
				767724702C58517C00FBBF4D /* ImageSearchAPITests */,
			);
		};
/* End PBXProject section */

/* Begin PBXResourcesBuildPhase section */
		7677244B2C57B19800FBBF4D /* Resources */ = {
			isa = PBXResourcesBuildPhase;
			buildActionMask = 2147483647;
			files = (
				767724582C57B19A00FBBF4D /* Preview Assets.xcassets in Resources */,
				767724552C57B19A00FBBF4D /* Assets.xcassets in Resources */,
			);
			runOnlyForDeploymentPostprocessing = 0;
		};
		7677246F2C58517C00FBBF4D /* Resources */ = {
			isa = PBXResourcesBuildPhase;
			buildActionMask = 2147483647;
			files = (
			);
			runOnlyForDeploymentPostprocessing = 0;
		};
/* End PBXResourcesBuildPhase section */

/* Begin PBXSourcesBuildPhase section */
		767724492C57B19800FBBF4D /* Sources */ = {
			isa = PBXSourcesBuildPhase;
			buildActionMask = 2147483647;
			files = (
				7677247F2C58EA2F00FBBF4D /* ImageCellViewModel.swift in Sources */,
				767724532C57B19800FBBF4D /* ContentView.swift in Sources */,
				7677245F2C57B1D600FBBF4D /* ImageModel.swift in Sources */,
				7677246A2C57F1A200FBBF4D /* Settings.swift in Sources */,
				7677246C2C58208E00FBBF4D /* ImageSearchSettings.swift in Sources */,
				767724642C57D35200FBBF4D /* SearchBar.swift in Sources */,
				767724662C57D42C00FBBF4D /* ImageGrid.swift in Sources */,
				767724612C57B23600FBBF4D /* ImageSearchViewModel.swift in Sources */,
				767724682C57D48100FBBF4D /* ImageCell.swift in Sources */,
				767724512C57B19800FBBF4D /* ImageSearchAPIApp.swift in Sources */,
			);
			runOnlyForDeploymentPostprocessing = 0;
		};
		7677246D2C58517C00FBBF4D /* Sources */ = {
			isa = PBXSourcesBuildPhase;
			buildActionMask = 2147483647;
			files = (
				7677247B2C5851C600FBBF4D /* ImageSearchViewModelTests.swift in Sources */,
				7677247D2C5851E600FBBF4D /* ImageSearchSettingsTests.swift in Sources */,
			);
			runOnlyForDeploymentPostprocessing = 0;
		};
/* End PBXSourcesBuildPhase section */

/* Begin PBXTargetDependency section */
		767724762C58517D00FBBF4D /* PBXTargetDependency */ = {
			isa = PBXTargetDependency;
			target = 7677244C2C57B19800FBBF4D /* ImageSearchAPI */;
			targetProxy = 767724752C58517D00FBBF4D /* PBXContainerItemProxy */;
		};
/* End PBXTargetDependency section */

/* Begin XCBuildConfiguration section */
		767724592C57B19A00FBBF4D /* Debug */ = {
			isa = XCBuildConfiguration;
			buildSettings = {
				ALWAYS_SEARCH_USER_PATHS = NO;
				ASSETCATALOG_COMPILER_GENERATE_SWIFT_ASSET_SYMBOL_EXTENSIONS = YES;
				CLANG_ANALYZER_NONNULL = YES;
				CLANG_ANALYZER_NUMBER_OBJECT_CONVERSION = YES_AGGRESSIVE;
				CLANG_CXX_LANGUAGE_STANDARD = "gnu++20";
				CLANG_ENABLE_MODULES = YES;
				CLANG_ENABLE_OBJC_ARC = YES;
				CLANG_ENABLE_OBJC_WEAK = YES;
				CLANG_WARN_BLOCK_CAPTURE_AUTORELEASING = YES;
				CLANG_WARN_BOOL_CONVERSION = YES;
				CLANG_WARN_COMMA = YES;
				CLANG_WARN_CONSTANT_CONVERSION = YES;
				CLANG_WARN_DEPRECATED_OBJC_IMPLEMENTATIONS = YES;
				CLANG_WARN_DIRECT_OBJC_ISA_USAGE = YES_ERROR;
				CLANG_WARN_DOCUMENTATION_COMMENTS = YES;
				CLANG_WARN_EMPTY_BODY = YES;
				CLANG_WARN_ENUM_CONVERSION = YES;
				CLANG_WARN_INFINITE_RECURSION = YES;
				CLANG_WARN_INT_CONVERSION = YES;
				CLANG_WARN_NON_LITERAL_NULL_CONVERSION = YES;
				CLANG_WARN_OBJC_IMPLICIT_RETAIN_SELF = YES;
				CLANG_WARN_OBJC_LITERAL_CONVERSION = YES;
				CLANG_WARN_OBJC_ROOT_CLASS = YES_ERROR;
				CLANG_WARN_QUOTED_INCLUDE_IN_FRAMEWORK_HEADER = YES;
				CLANG_WARN_RANGE_LOOP_ANALYSIS = YES;
				CLANG_WARN_STRICT_PROTOTYPES = YES;
				CLANG_WARN_SUSPICIOUS_MOVE = YES;
				CLANG_WARN_UNGUARDED_AVAILABILITY = YES_AGGRESSIVE;
				CLANG_WARN_UNREACHABLE_CODE = YES;
				CLANG_WARN__DUPLICATE_METHOD_MATCH = YES;
				COPY_PHASE_STRIP = NO;
				DEBUG_INFORMATION_FORMAT = dwarf;
				ENABLE_STRICT_OBJC_MSGSEND = YES;
				ENABLE_TESTABILITY = YES;
				ENABLE_USER_SCRIPT_SANDBOXING = YES;
				GCC_C_LANGUAGE_STANDARD = gnu17;
				GCC_DYNAMIC_NO_PIC = NO;
				GCC_NO_COMMON_BLOCKS = YES;
				GCC_OPTIMIZATION_LEVEL = 0;
				GCC_PREPROCESSOR_DEFINITIONS = (
					"DEBUG=1",
					"$(inherited)",
				);
				GCC_WARN_64_TO_32_BIT_CONVERSION = YES;
				GCC_WARN_ABOUT_RETURN_TYPE = YES_ERROR;
				GCC_WARN_UNDECLARED_SELECTOR = YES;
				GCC_WARN_UNINITIALIZED_AUTOS = YES_AGGRESSIVE;
				GCC_WARN_UNUSED_FUNCTION = YES;
				GCC_WARN_UNUSED_VARIABLE = YES;
				IPHONEOS_DEPLOYMENT_TARGET = 17.5;
				LOCALIZATION_PREFERS_STRING_CATALOGS = YES;
				MTL_ENABLE_DEBUG_INFO = INCLUDE_SOURCE;
				MTL_FAST_MATH = YES;
				ONLY_ACTIVE_ARCH = YES;
				SDKROOT = iphoneos;
				SWIFT_ACTIVE_COMPILATION_CONDITIONS = "DEBUG $(inherited)";
				SWIFT_OPTIMIZATION_LEVEL = "-Onone";
			};
			name = Debug;
		};
		7677245A2C57B19A00FBBF4D /* Release */ = {
			isa = XCBuildConfiguration;
			buildSettings = {
				ALWAYS_SEARCH_USER_PATHS = NO;
				ASSETCATALOG_COMPILER_GENERATE_SWIFT_ASSET_SYMBOL_EXTENSIONS = YES;
				CLANG_ANALYZER_NONNULL = YES;
				CLANG_ANALYZER_NUMBER_OBJECT_CONVERSION = YES_AGGRESSIVE;
				CLANG_CXX_LANGUAGE_STANDARD = "gnu++20";
				CLANG_ENABLE_MODULES = YES;
				CLANG_ENABLE_OBJC_ARC = YES;
				CLANG_ENABLE_OBJC_WEAK = YES;
				CLANG_WARN_BLOCK_CAPTURE_AUTORELEASING = YES;
				CLANG_WARN_BOOL_CONVERSION = YES;
				CLANG_WARN_COMMA = YES;
				CLANG_WARN_CONSTANT_CONVERSION = YES;
				CLANG_WARN_DEPRECATED_OBJC_IMPLEMENTATIONS = YES;
				CLANG_WARN_DIRECT_OBJC_ISA_USAGE = YES_ERROR;
				CLANG_WARN_DOCUMENTATION_COMMENTS = YES;
				CLANG_WARN_EMPTY_BODY = YES;
				CLANG_WARN_ENUM_CONVERSION = YES;
				CLANG_WARN_INFINITE_RECURSION = YES;
				CLANG_WARN_INT_CONVERSION = YES;
				CLANG_WARN_NON_LITERAL_NULL_CONVERSION = YES;
				CLANG_WARN_OBJC_IMPLICIT_RETAIN_SELF = YES;
				CLANG_WARN_OBJC_LITERAL_CONVERSION = YES;
				CLANG_WARN_OBJC_ROOT_CLASS = YES_ERROR;
				CLANG_WARN_QUOTED_INCLUDE_IN_FRAMEWORK_HEADER = YES;
				CLANG_WARN_RANGE_LOOP_ANALYSIS = YES;
				CLANG_WARN_STRICT_PROTOTYPES = YES;
				CLANG_WARN_SUSPICIOUS_MOVE = YES;
				CLANG_WARN_UNGUARDED_AVAILABILITY = YES_AGGRESSIVE;
				CLANG_WARN_UNREACHABLE_CODE = YES;
				CLANG_WARN__DUPLICATE_METHOD_MATCH = YES;
				COPY_PHASE_STRIP = NO;
				DEBUG_INFORMATION_FORMAT = "dwarf-with-dsym";
				ENABLE_NS_ASSERTIONS = NO;
				ENABLE_STRICT_OBJC_MSGSEND = YES;
				ENABLE_USER_SCRIPT_SANDBOXING = YES;
				GCC_C_LANGUAGE_STANDARD = gnu17;
				GCC_NO_COMMON_BLOCKS = YES;
				GCC_WARN_64_TO_32_BIT_CONVERSION = YES;
				GCC_WARN_ABOUT_RETURN_TYPE = YES_ERROR;
				GCC_WARN_UNDECLARED_SELECTOR = YES;
				GCC_WARN_UNINITIALIZED_AUTOS = YES_AGGRESSIVE;
				GCC_WARN_UNUSED_FUNCTION = YES;
				GCC_WARN_UNUSED_VARIABLE = YES;
				IPHONEOS_DEPLOYMENT_TARGET = 17.5;
				LOCALIZATION_PREFERS_STRING_CATALOGS = YES;
				MTL_ENABLE_DEBUG_INFO = NO;
				MTL_FAST_MATH = YES;
				SDKROOT = iphoneos;
				SWIFT_COMPILATION_MODE = wholemodule;
				VALIDATE_PRODUCT = YES;
			};
			name = Release;
		};
		7677245C2C57B19A00FBBF4D /* Debug */ = {
			isa = XCBuildConfiguration;
			buildSettings = {
				ASSETCATALOG_COMPILER_APPICON_NAME = AppIcon;
				ASSETCATALOG_COMPILER_GLOBAL_ACCENT_COLOR_NAME = AccentColor;
				CODE_SIGN_STYLE = Automatic;
				CURRENT_PROJECT_VERSION = 1;
				DEVELOPMENT_ASSET_PATHS = "\"ImageSearchAPI/Preview Content\"";
				ENABLE_PREVIEWS = YES;
				GENERATE_INFOPLIST_FILE = YES;
				INFOPLIST_KEY_UIApplicationSceneManifest_Generation = YES;
				INFOPLIST_KEY_UIApplicationSupportsIndirectInputEvents = YES;
				INFOPLIST_KEY_UILaunchScreen_Generation = YES;
				INFOPLIST_KEY_UISupportedInterfaceOrientations_iPad = "UIInterfaceOrientationPortrait UIInterfaceOrientationPortraitUpsideDown UIInterfaceOrientationLandscapeLeft UIInterfaceOrientationLandscapeRight";
				INFOPLIST_KEY_UISupportedInterfaceOrientations_iPhone = "UIInterfaceOrientationPortrait UIInterfaceOrientationLandscapeLeft UIInterfaceOrientationLandscapeRight";
				LD_RUNPATH_SEARCH_PATHS = (
					"$(inherited)",
					"@executable_path/Frameworks",
				);
				MARKETING_VERSION = 1.0;
				PRODUCT_BUNDLE_IDENTIFIER = com.zubelaleksey.ImageSearchAPI;
				PRODUCT_NAME = "$(TARGET_NAME)";
				SWIFT_EMIT_LOC_STRINGS = YES;
				SWIFT_VERSION = 5.0;
				TARGETED_DEVICE_FAMILY = "1,2";
			};
			name = Debug;
		};
		7677245D2C57B19A00FBBF4D /* Release */ = {
			isa = XCBuildConfiguration;
			buildSettings = {
				ASSETCATALOG_COMPILER_APPICON_NAME = AppIcon;
				ASSETCATALOG_COMPILER_GLOBAL_ACCENT_COLOR_NAME = AccentColor;
				CODE_SIGN_STYLE = Automatic;
				CURRENT_PROJECT_VERSION = 1;
				DEVELOPMENT_ASSET_PATHS = "\"ImageSearchAPI/Preview Content\"";
				ENABLE_PREVIEWS = YES;
				GENERATE_INFOPLIST_FILE = YES;
				INFOPLIST_KEY_UIApplicationSceneManifest_Generation = YES;
				INFOPLIST_KEY_UIApplicationSupportsIndirectInputEvents = YES;
				INFOPLIST_KEY_UILaunchScreen_Generation = YES;
				INFOPLIST_KEY_UISupportedInterfaceOrientations_iPad = "UIInterfaceOrientationPortrait UIInterfaceOrientationPortraitUpsideDown UIInterfaceOrientationLandscapeLeft UIInterfaceOrientationLandscapeRight";
				INFOPLIST_KEY_UISupportedInterfaceOrientations_iPhone = "UIInterfaceOrientationPortrait UIInterfaceOrientationLandscapeLeft UIInterfaceOrientationLandscapeRight";
				LD_RUNPATH_SEARCH_PATHS = (
					"$(inherited)",
					"@executable_path/Frameworks",
				);
				MARKETING_VERSION = 1.0;
				PRODUCT_BUNDLE_IDENTIFIER = com.zubelaleksey.ImageSearchAPI;
				PRODUCT_NAME = "$(TARGET_NAME)";
				SWIFT_EMIT_LOC_STRINGS = YES;
				SWIFT_VERSION = 5.0;
				TARGETED_DEVICE_FAMILY = "1,2";
			};
			name = Release;
		};
		767724772C58517D00FBBF4D /* Debug */ = {
			isa = XCBuildConfiguration;
			buildSettings = {
				BUNDLE_LOADER = "$(TEST_HOST)";
				CODE_SIGN_STYLE = Automatic;
				CURRENT_PROJECT_VERSION = 1;
				GENERATE_INFOPLIST_FILE = YES;
				MARKETING_VERSION = 1.0;
				PRODUCT_BUNDLE_IDENTIFIER = com.zubelaleksey.ImageSearchAPITests;
				PRODUCT_NAME = "$(TARGET_NAME)";
				SWIFT_EMIT_LOC_STRINGS = NO;
				SWIFT_VERSION = 5.0;
				TARGETED_DEVICE_FAMILY = "1,2";
				TEST_HOST = "$(BUILT_PRODUCTS_DIR)/ImageSearchAPI.app/$(BUNDLE_EXECUTABLE_FOLDER_PATH)/ImageSearchAPI";
			};
			name = Debug;
		};
		767724782C58517D00FBBF4D /* Release */ = {
			isa = XCBuildConfiguration;
			buildSettings = {
				BUNDLE_LOADER = "$(TEST_HOST)";
				CODE_SIGN_STYLE = Automatic;
				CURRENT_PROJECT_VERSION = 1;
				GENERATE_INFOPLIST_FILE = YES;
				MARKETING_VERSION = 1.0;
				PRODUCT_BUNDLE_IDENTIFIER = com.zubelaleksey.ImageSearchAPITests;
				PRODUCT_NAME = "$(TARGET_NAME)";
				SWIFT_EMIT_LOC_STRINGS = NO;
				SWIFT_VERSION = 5.0;
				TARGETED_DEVICE_FAMILY = "1,2";
				TEST_HOST = "$(BUILT_PRODUCTS_DIR)/ImageSearchAPI.app/$(BUNDLE_EXECUTABLE_FOLDER_PATH)/ImageSearchAPI";
			};
			name = Release;
		};
/* End XCBuildConfiguration section */

/* Begin XCConfigurationList section */
		767724482C57B19800FBBF4D /* Build configuration list for PBXProject "ImageSearchAPI" */ = {
			isa = XCConfigurationList;
			buildConfigurations = (
				767724592C57B19A00FBBF4D /* Debug */,
				7677245A2C57B19A00FBBF4D /* Release */,
			);
			defaultConfigurationIsVisible = 0;
			defaultConfigurationName = Release;
		};
		7677245B2C57B19A00FBBF4D /* Build configuration list for PBXNativeTarget "ImageSearchAPI" */ = {
			isa = XCConfigurationList;
			buildConfigurations = (
				7677245C2C57B19A00FBBF4D /* Debug */,
				7677245D2C57B19A00FBBF4D /* Release */,
			);
			defaultConfigurationIsVisible = 0;
			defaultConfigurationName = Release;
		};
		767724792C58517D00FBBF4D /* Build configuration list for PBXNativeTarget "ImageSearchAPITests" */ = {
			isa = XCConfigurationList;
			buildConfigurations = (
				767724772C58517D00FBBF4D /* Debug */,
				767724782C58517D00FBBF4D /* Release */,
			);
			defaultConfigurationIsVisible = 0;
			defaultConfigurationName = Release;
		};
/* End XCConfigurationList section */
	};
	rootObject = 767724452C57B19800FBBF4D /* Project object */;
}
